
Microsoft Visual Studio Solution File, Format Version 12.00
# Visual Studio Version 16
VisualStudioVersion = 16.0.31424.327
MinimumVisualStudioVersion = 10.0.40219.1
Project("{FAE04EC0-301F-11D3-BF4B-00C04F79EFBC}") = "Snake", "Snake\Snake.csproj", "{5D702CD7-174F-4DE6-88A1-CFB4C66FB9A6}"
EndProject
Global
	GlobalSection(SolutionConfigurationPlatforms) = preSolution
		Debug|Any CPU = Debug|Any CPU
		Release|Any CPU = Release|Any CPU
	EndGlobalSection
	GlobalSection(ProjectConfigurationPlatforms) = postSolution
		{5D702CD7-174F-4DE6-88A1-CFB4C66FB9A6}.Debug|Any CPU.ActiveCfg = Debug|Any CPU
		{5D702CD7-174F-4DE6-88A1-CFB4C66FB9A6}.Debug|Any CPU.Build.0 = Debug|Any CPU
		{5D702CD7-174F-4DE6-88A1-CFB4C66FB9A6}.Release|Any CPU.ActiveCfg = Release|Any CPU
		{5D702CD7-174F-4DE6-88A1-CFB4C66FB9A6}.Release|Any CPU.Build.0 = Release|Any CPU
	EndGlobalSection
	GlobalSection(SolutionProperties) = preSolution
		HideSolutionNode = FALSE
	EndGlobalSection
	GlobalSection(ExtensibilityGlobals) = postSolution
		SolutionGuid = {E00BD548-2D3F-42D3-BB09-F6AA49666EF4}
	EndGlobalSection
EndGlobal
